
Microsoft Visual Studio Solution File, Format Version 12.00
# Visual Studio Version 16
VisualStudioVersion = 16.0.31911.196
MinimumVisualStudioVersion = 10.0.40219.1
Project("{8BC9CEB8-8B4A-11D0-8D11-00A0C91BC942}") = "SnakeConsole", "SnakeConsole\SnakeConsole.vcxproj", "{718C79CA-A61C-4306-99B8-BC8C8C2766D1}"
EndProject
Project("{8BC9CEB8-8B4A-11D0-8D11-00A0C91BC942}") = "TanksConsole", "TanksConsole\TanksConsole.vcxproj", "{1A37BE2B-0509-4E87-B5E7-15477CC3145D}"
EndProject
Global
	GlobalSection(SolutionConfigurationPlatforms) = preSolution
		Debug|x64 = Debug|x64
		Debug|x86 = Debug|x86
		Release|x64 = Release|x64
		Release|x86 = Release|x86
	EndGlobalSection
	GlobalSection(ProjectConfigurationPlatforms) = postSolution
		{718C79CA-A61C-4306-99B8-BC8C8C2766D1}.Debug|x64.ActiveCfg = Debug|x64
		{718C79CA-A61C-4306-99B8-BC8C8C2766D1}.Debug|x64.Build.0 = Debug|x64
		{718C79CA-A61C-4306-99B8-BC8C8C2766D1}.Debug|x86.ActiveCfg = Debug|Win32
		{718C79CA-A61C-4306-99B8-BC8C8C2766D1}.Debug|x86.Build.0 = Debug|Win32
		{718C79CA-A61C-4306-99B8-BC8C8C2766D1}.Release|x64.ActiveCfg = Release|x64
		{718C79CA-A61C-4306-99B8-BC8C8C2766D1}.Release|x64.Build.0 = Release|x64
		{718C79CA-A61C-4306-99B8-BC8C8C2766D1}.Release|x86.ActiveCfg = Release|Win32
		{718C79CA-A61C-4306-99B8-BC8C8C2766D1}.Release|x86.Build.0 = Release|Win32
		{1A37BE2B-0509-4E87-B5E7-15477CC3145D}.Debug|x64.ActiveCfg = Debug|x64
		{1A37BE2B-0509-4E87-B5E7-15477CC3145D}.Debug|x64.Build.0 = Debug|x64
		{1A37BE2B-0509-4E87-B5E7-15477CC3145D}.Debug|x86.ActiveCfg = Debug|Win32
		{1A37BE2B-0509-4E87-B5E7-15477CC3145D}.Debug|x86.Build.0 = Debug|Win32
		{1A37BE2B-0509-4E87-B5E7-15477CC3145D}.Release|x64.ActiveCfg = Release|x64
		{1A37BE2B-0509-4E87-B5E7-15477CC3145D}.Release|x64.Build.0 = Release|x64
		{1A37BE2B-0509-4E87-B5E7-15477CC3145D}.Release|x86.ActiveCfg = Release|Win32
		{1A37BE2B-0509-4E87-B5E7-15477CC3145D}.Release|x86.Build.0 = Release|Win32
	EndGlobalSection
	GlobalSection(SolutionProperties) = preSolution
		HideSolutionNode = FALSE
	EndGlobalSection
	GlobalSection(ExtensibilityGlobals) = postSolution
		SolutionGuid = {8A64D16F-9DEB-48D8-9CF1-D3011414EFFE}
	EndGlobalSection
EndGlobal
